
Microsoft Visual Studio Solution File, Format Version 12.00
# Visual Studio Version 17
VisualStudioVersion = 17.9.34607.119
MinimumVisualStudioVersion = 10.0.40219.1
Project("{FAE04EC0-301F-11D3-BF4B-00C04F79EFBC}") = "A4_Net", "A4_Net\A4_Net.csproj", "{1A39CD13-34E5-45BB-BC52-75AA8D4ABF14}"
EndProject
Global
	GlobalSection(SolutionConfigurationPlatforms) = preSolution
		Debug|Any CPU = Debug|Any CPU
		Release|Any CPU = Release|Any CPU
	EndGlobalSection
	GlobalSection(ProjectConfigurationPlatforms) = postSolution
		{1A39CD13-34E5-45BB-BC52-75AA8D4ABF14}.Debug|Any CPU.ActiveCfg = Debug|Any CPU
		{1A39CD13-34E5-45BB-BC52-75AA8D4ABF14}.Debug|Any CPU.Build.0 = Debug|Any CPU
		{1A39CD13-34E5-45BB-BC52-75AA8D4ABF14}.Release|Any CPU.ActiveCfg = Release|Any CPU
		{1A39CD13-34E5-45BB-BC52-75AA8D4ABF14}.Release|Any CPU.Build.0 = Release|Any CPU
	EndGlobalSection
	GlobalSection(SolutionProperties) = preSolution
		HideSolutionNode = FALSE
	EndGlobalSection
	GlobalSection(ExtensibilityGlobals) = postSolution
		SolutionGuid = {38B03291-E554-47D6-8E5B-673F35F4D6E6}
	EndGlobalSection
EndGlobal
